#MicroXplorer Configuration settings - do not modify
CAD.formats=
CAD.pinconfig=
CAD.provider=
CORTEX_M7.AccessPermission_S-Cortex_Memory_Protection_Unit_Region1_Settings_S=MPU_REGION_FULL_ACCESS
CORTEX_M7.AccessPermission_S-Cortex_Memory_Protection_Unit_Region2_Settings_S=MPU_REGION_FULL_ACCESS
CORTEX_M7.AccessPermission_Spec=MPU_REGION_FULL_ACCESS
CORTEX_M7.BaseAddress_S-Cortex_Memory_Protection_Unit_Region1_Settings_S=0x30000000
CORTEX_M7.BaseAddress_S-Cortex_Memory_Protection_Unit_Region2_Settings_S=0x24000000
CORTEX_M7.BaseAddress_Spec=0x30000000
CORTEX_M7.CPU_DCache=Enabled
CORTEX_M7.CPU_ICache=Enabled
CORTEX_M7.DisableExec_S-Cortex_Memory_Protection_Unit_Region1_Settings_S=MPU_INSTRUCTION_ACCESS_ENABLE
CORTEX_M7.DisableExec_S-Cortex_Memory_Protection_Unit_Region2_Settings_S=MPU_INSTRUCTION_ACCESS_ENABLE
CORTEX_M7.DisableExec_Spec=MPU_INSTRUCTION_ACCESS_ENABLE
CORTEX_M7.Enable_S-Cortex_Memory_Protection_Unit_Region1_Settings_S=MPU_REGION_ENABLE
CORTEX_M7.Enable_S-Cortex_Memory_Protection_Unit_Region2_Settings_S=MPU_REGION_ENABLE
CORTEX_M7.IPParameters=default_mode_Activation,CPU_ICache,CPU_DCache,Enable_S-Cortex_Memory_Protection_Unit_Region1_Settings_S,BaseAddress_S-Cortex_Memory_Protection_Unit_Region1_Settings_S,Size_S-Cortex_Memory_Protection_Unit_Region1_Settings_S,AccessPermission_S-Cortex_Memory_Protection_Unit_Region1_Settings_S,Enable_S-Cortex_Memory_Protection_Unit_Region2_Settings_S,BaseAddress_S-Cortex_Memory_Protection_Unit_Region2_Settings_S,Size_S-Cortex_Memory_Protection_Unit_Region2_Settings_S,AccessPermission_S-Cortex_Memory_Protection_Unit_Region2_Settings_S,DisableExec_S-Cortex_Memory_Protection_Unit_Region2_Settings_S,IsShareable_S-Cortex_Memory_Protection_Unit_Region2_Settings_S,IsBufferable_S-Cortex_Memory_Protection_Unit_Region2_Settings_S,DisableExec_S-Cortex_Memory_Protection_Unit_Region1_Settings_S,IsBufferable_S-Cortex_Memory_Protection_Unit_Region1_Settings_S,IsCacheable_S-Cortex_Memory_Protection_Unit_Region2_Settings_S,BaseAddress_Spec,Size_Spec,SubRegionDisable_Spec,TypeExtField_Spec,AccessPermission_Spec,DisableExec_Spec,IsShareable_S-Cortex_Memory_Protection_Unit_Region1_Settings_S,TypeExtField_S-Cortex_Memory_Protection_Unit_Region2_Settings_S
CORTEX_M7.IsBufferable_S-Cortex_Memory_Protection_Unit_Region1_Settings_S=MPU_ACCESS_BUFFERABLE
CORTEX_M7.IsBufferable_S-Cortex_Memory_Protection_Unit_Region2_Settings_S=MPU_ACCESS_NOT_BUFFERABLE
CORTEX_M7.IsCacheable_S-Cortex_Memory_Protection_Unit_Region2_Settings_S=MPU_ACCESS_NOT_CACHEABLE
CORTEX_M7.IsShareable_S-Cortex_Memory_Protection_Unit_Region1_Settings_S=MPU_ACCESS_SHAREABLE
CORTEX_M7.IsShareable_S-Cortex_Memory_Protection_Unit_Region2_Settings_S=MPU_ACCESS_SHAREABLE
CORTEX_M7.Size_S-Cortex_Memory_Protection_Unit_Region1_Settings_S=MPU_REGION_SIZE_1KB
CORTEX_M7.Size_S-Cortex_Memory_Protection_Unit_Region2_Settings_S=MPU_REGION_SIZE_512KB
CORTEX_M7.Size_Spec=MPU_REGION_SIZE_32KB
CORTEX_M7.SubRegionDisable_Spec=0x0
CORTEX_M7.TypeExtField_S-Cortex_Memory_Protection_Unit_Region2_Settings_S=MPU_TEX_LEVEL1
CORTEX_M7.TypeExtField_Spec=MPU_TEX_LEVEL1
CORTEX_M7.default_mode_Activation=1
ETH.ETH_RX_DESC_CNT=28
ETH.IPParameters=MediaInterface,TxDescAddress,RxBufferAddress,ETH_RX_DESC_CNT,RxBuffLen
ETH.MediaInterface=HAL_ETH_RMII_MODE
ETH.RxBuffLen=1132
ETH.RxBufferAddress=0x30000200
ETH.TxDescAddress=0x300002a0
FDCAN1.CalculateBaudRateNominal=333333
FDCAN1.CalculateTimeBitNominal=3000
FDCAN1.CalculateTimeQuantumNominal=1000.0
FDCAN1.IPParameters=CalculateTimeQuantumNominal,CalculateTimeBitNominal,CalculateBaudRateNominal
FDCAN2.CalculateBaudRateNominal=333333
FDCAN2.CalculateTimeBitNominal=3000
FDCAN2.CalculateTimeQuantumNominal=1000.0
FDCAN2.IPParameters=CalculateTimeQuantumNominal,CalculateTimeBitNominal,CalculateBaudRateNominal
FDCAN3.CalculateBaudRateNominal=333333
FDCAN3.CalculateTimeBitNominal=3000
FDCAN3.CalculateTimeQuantumNominal=1000.0
FDCAN3.IPParameters=CalculateTimeQuantumNominal,CalculateTimeBitNominal,CalculateBaudRateNominal
FREERTOS.FootprintOK=true
FREERTOS.IPParameters=Tasks01,FootprintOK
FREERTOS.Tasks01=defaultTask,0,512,StartDefaultTask,Default,NULL,Dynamic,NULL,NULL
File.Version=6
GPIO.groupedBy=Group By Peripherals
I2C3.IPParameters=Timing
I2C3.Timing=0x10C0ECFF
KeepUserPlacement=false
LWIP.BSP.number=1
LWIP.GATEWAY_ADDRESS=192.168.001.001
LWIP.IPParameters=LWIP_DHCP,TCP_MSS,TCP_SND_BUF,TCP_SND_QUEUELEN,MEM_SIZE,LWIP_RAM_HEAP_POINTER,IP_ADDRESS,NETMASK_ADDRESS,GATEWAY_ADDRESS,MEMP_NUM_PBUF,PBUF_POOL_SIZE,SYS_LIGHTWEIGHT_PROT,MEMP_NUM_RAW_PCB,MEMP_NUM_TCP_PCB_LISTEN,PBUF_POOL_BUFSIZE
LWIP.IP_ADDRESS=192.168.001.010
LWIP.LWIP_DHCP=0
LWIP.LWIP_RAM_HEAP_POINTER=0x24028000
LWIP.MEMP_NUM_PBUF=10
LWIP.MEMP_NUM_RAW_PCB=2
LWIP.MEMP_NUM_TCP_PCB_LISTEN=0
LWIP.MEM_SIZE=16*1024
LWIP.NETMASK_ADDRESS=255.255.255.000
LWIP.PBUF_POOL_BUFSIZE=1536
LWIP.PBUF_POOL_SIZE=16
LWIP.SYS_LIGHTWEIGHT_PROT=0
LWIP.TCP_MSS=1460
LWIP.TCP_SND_BUF=5840
LWIP.TCP_SND_QUEUELEN=16
LWIP.Version=v2.1.2_Cube
LWIP0.BSP.STBoard=false
LWIP0.BSP.api=BSP_COMPONENT_DRIVER
LWIP0.BSP.component=LAN8742
LWIP0.BSP.condition=
LWIP0.BSP.instance=LAN8742
LWIP0.BSP.ip=
LWIP0.BSP.mode=
LWIP0.BSP.name=Driver_PHY
LWIP0.BSP.semaphore=S_LAN8742
LWIP0.BSP.solution=LAN8742
MMTAppRegionsCount=0
MMTConfigApplied=false
Mcu.CPN=STM32H723VGT6
Mcu.Family=STM32H7
Mcu.IP0=CORTEX_M7
Mcu.IP1=DEBUG
Mcu.IP10=NVIC
Mcu.IP11=RCC
Mcu.IP12=SPI1
Mcu.IP13=SYS
Mcu.IP14=TIM1
Mcu.IP15=TIM3
Mcu.IP16=UART4
Mcu.IP17=USB_DEVICE
Mcu.IP18=USB_OTG_HS
Mcu.IP2=ETH
Mcu.IP3=FDCAN1
Mcu.IP4=FDCAN2
Mcu.IP5=FDCAN3
Mcu.IP6=FREERTOS
Mcu.IP7=I2C3
Mcu.IP8=LWIP
Mcu.IP9=MEMORYMAP
Mcu.IPNb=19
Mcu.Name=STM32H723VGTx
Mcu.Package=LQFP100
Mcu.Pin0=PH0-OSC_IN
Mcu.Pin1=PH1-OSC_OUT
Mcu.Pin10=PE9
Mcu.Pin11=PE11
Mcu.Pin12=PE13
Mcu.Pin13=PB11
Mcu.Pin14=PB12
Mcu.Pin15=PB13
Mcu.Pin16=PD9
Mcu.Pin17=PD10
Mcu.Pin18=PD12
Mcu.Pin19=PD13
Mcu.Pin2=PC1
Mcu.Pin20=PC6
Mcu.Pin21=PC7
Mcu.Pin22=PC8
Mcu.Pin23=PC9
Mcu.Pin24=PA8
Mcu.Pin25=PA11
Mcu.Pin26=PA12
Mcu.Pin27=PA13(JTMS/SWDIO)
Mcu.Pin28=PA14(JTCK/SWCLK)
Mcu.Pin29=PC10
Mcu.Pin3=PA1
Mcu.Pin30=PC11
Mcu.Pin31=PD0
Mcu.Pin32=PD1
Mcu.Pin33=PD7
Mcu.Pin34=PB5
Mcu.Pin35=PB6
Mcu.Pin36=VP_FREERTOS_VS_CMSIS_V1
Mcu.Pin37=VP_LWIP_VS_Enabled
Mcu.Pin38=VP_SYS_VS_tim6
Mcu.Pin39=VP_USB_DEVICE_VS_USB_DEVICE_CDC_HS
Mcu.Pin4=PA2
Mcu.Pin40=VP_MEMORYMAP_VS_MEMORYMAP
Mcu.Pin5=PA5
Mcu.Pin6=PA6
Mcu.Pin7=PA7
Mcu.Pin8=PC4
Mcu.Pin9=PC5
Mcu.PinsNb=41
Mcu.ThirdPartyNb=0
Mcu.UserConstants=
Mcu.UserName=STM32H723VGTx
MxCube.Version=6.14.0
MxDb.Version=DB.6.0.140
NVIC.BusFault_IRQn=true\:0\:0\:false\:false\:true\:false\:false\:false\:false
NVIC.DebugMonitor_IRQn=true\:0\:0\:false\:false\:true\:false\:false\:false\:false
NVIC.ETH_IRQn=true\:5\:0\:false\:false\:true\:true\:true\:true\:true
NVIC.ForceEnableDMAVector=true
NVIC.HardFault_IRQn=true\:0\:0\:false\:false\:true\:false\:false\:false\:false
NVIC.MemoryManagement_IRQn=true\:0\:0\:false\:false\:true\:false\:false\:false\:false
NVIC.NonMaskableInt_IRQn=true\:0\:0\:false\:false\:true\:false\:false\:false\:false
NVIC.OTG_HS_IRQn=true\:5\:0\:false\:false\:true\:true\:false\:true\:true
NVIC.PendSV_IRQn=true\:15\:0\:false\:false\:false\:true\:false\:false\:false
NVIC.PriorityGroup=NVIC_PRIORITYGROUP_4
NVIC.SVCall_IRQn=true\:0\:0\:false\:false\:false\:false\:false\:false\:false
NVIC.SavedPendsvIrqHandlerGenerated=true
NVIC.SavedSvcallIrqHandlerGenerated=true
NVIC.SavedSystickIrqHandlerGenerated=true
NVIC.SysTick_IRQn=true\:15\:0\:false\:false\:false\:true\:false\:true\:false
NVIC.TIM6_DAC_IRQn=true\:15\:0\:false\:false\:true\:false\:false\:true\:true
NVIC.TimeBase=TIM6_DAC_IRQn
NVIC.TimeBaseIP=TIM6
NVIC.UsageFault_IRQn=true\:0\:0\:false\:false\:true\:false\:false\:false\:false
PA1.GPIOParameters=GPIO_Speed
PA1.GPIO_Speed=GPIO_SPEED_FREQ_VERY_HIGH
PA1.Mode=RMII
PA1.Signal=ETH_REF_CLK
PA11.Mode=Device_Only_FS
PA11.Signal=USB_OTG_HS_DM
PA12.Mode=Device_Only_FS
PA12.Signal=USB_OTG_HS_DP
PA13(JTMS/SWDIO).Mode=Serial_Wire
PA13(JTMS/SWDIO).Signal=DEBUG_JTMS-SWDIO
PA14(JTCK/SWCLK).Mode=Serial_Wire
PA14(JTCK/SWCLK).Signal=DEBUG_JTCK-SWCLK
PA2.GPIOParameters=GPIO_Speed
PA2.GPIO_Speed=GPIO_SPEED_FREQ_VERY_HIGH
PA2.Mode=RMII
PA2.Signal=ETH_MDIO
PA5.Mode=Full_Duplex_Master
PA5.Signal=SPI1_SCK
PA6.Mode=Full_Duplex_Master
PA6.Signal=SPI1_MISO
PA7.GPIOParameters=GPIO_Speed
PA7.GPIO_Speed=GPIO_SPEED_FREQ_VERY_HIGH
PA7.Mode=RMII
PA7.Signal=ETH_CRS_DV
PA8.Mode=I2C
PA8.Signal=I2C3_SCL
PB11.GPIOParameters=GPIO_Speed
PB11.GPIO_Speed=GPIO_SPEED_FREQ_VERY_HIGH
PB11.Mode=RMII
PB11.Signal=ETH_TX_EN
PB12.GPIOParameters=GPIO_Speed
PB12.GPIO_Speed=GPIO_SPEED_FREQ_VERY_HIGH
PB12.Mode=RMII
PB12.Signal=ETH_TXD0
PB13.GPIOParameters=GPIO_Speed
PB13.GPIO_Speed=GPIO_SPEED_FREQ_VERY_HIGH
PB13.Mode=RMII
PB13.Signal=ETH_TXD1
PB5.Mode=FDCAN_Activate
PB5.Signal=FDCAN2_RX
PB6.Mode=FDCAN_Activate
PB6.Signal=FDCAN2_TX
PC1.GPIOParameters=GPIO_Speed
PC1.GPIO_Speed=GPIO_SPEED_FREQ_VERY_HIGH
PC1.Mode=RMII
PC1.Signal=ETH_MDC
PC10.Mode=Asynchronous
PC10.Signal=UART4_TX
PC11.Mode=Asynchronous
PC11.Signal=UART4_RX
PC4.GPIOParameters=GPIO_Speed
PC4.GPIO_Speed=GPIO_SPEED_FREQ_VERY_HIGH
PC4.Mode=RMII
PC4.Signal=ETH_RXD0
PC5.GPIOParameters=GPIO_Speed
PC5.GPIO_Speed=GPIO_SPEED_FREQ_VERY_HIGH
PC5.Mode=RMII
PC5.Signal=ETH_RXD1
PC6.Signal=S_TIM3_CH1
PC7.Signal=S_TIM3_CH2
PC8.Locked=true
PC8.Signal=S_TIM3_CH3
PC9.Mode=I2C
PC9.Signal=I2C3_SDA
PD0.Mode=FDCAN_Activate
PD0.Signal=FDCAN1_RX
PD1.Mode=FDCAN_Activate
PD1.Signal=FDCAN1_TX
PD10.GPIOParameters=GPIO_Label
PD10.GPIO_Label=LED_2
PD10.Locked=true
PD10.Signal=GPIO_Output
PD12.Mode=FDCAN_Activate
PD12.Signal=FDCAN3_RX
PD13.Mode=FDCAN_Activate
PD13.Signal=FDCAN3_TX
PD7.Mode=Full_Duplex_Master
PD7.Signal=SPI1_MOSI
PD9.GPIOParameters=GPIO_Label
PD9.GPIO_Label=LED_1
PD9.Locked=true
PD9.Signal=GPIO_Output
PE11.Signal=S_TIM1_CH2
PE13.Signal=S_TIM1_CH3
PE9.Signal=S_TIM1_CH1
PH0-OSC_IN.Mode=HSE-External-Oscillator
PH0-OSC_IN.Signal=RCC_OSC_IN
PH1-OSC_OUT.Mode=HSE-External-Oscillator
PH1-OSC_OUT.Signal=RCC_OSC_OUT
PinOutPanel.RotationAngle=0
ProjectManager.AskForMigrate=true
ProjectManager.BackupPrevious=false
ProjectManager.CompilerLinker=GCC
ProjectManager.CompilerOptimize=6
ProjectManager.ComputerToolchain=false
ProjectManager.CoupleFile=false
ProjectManager.CustomerFirmwarePackage=
ProjectManager.DefaultFWLocation=true
ProjectManager.DeletePrevious=true
ProjectManager.DeviceId=STM32H723VGTx
ProjectManager.FirmwarePackage=STM32Cube FW_H7 V1.12.1
ProjectManager.FreePins=false
ProjectManager.HalAssertFull=false
ProjectManager.HeapSize=0x200
ProjectManager.KeepUserCode=true
ProjectManager.LastFirmware=true
ProjectManager.LibraryCopy=0
ProjectManager.MainLocation=Core/Src
ProjectManager.NoMain=false
ProjectManager.PreviousToolchain=
ProjectManager.ProjectBuild=false
ProjectManager.ProjectFileName=h723.ioc
ProjectManager.ProjectName=h723
ProjectManager.ProjectStructure=
ProjectManager.RegisterCallBack=
ProjectManager.StackSize=0x400
ProjectManager.TargetToolchain=Makefile
ProjectManager.ToolChainLocation=
ProjectManager.UAScriptAfterPath=
ProjectManager.UAScriptBeforePath=
ProjectManager.UnderRoot=false
ProjectManager.functionlistsort=1-SystemClock_Config-RCC-false-HAL-false,2-MX_GPIO_Init-GPIO-false-HAL-true,3-MX_FDCAN1_Init-FDCAN1-false-HAL-true,4-MX_FDCAN2_Init-FDCAN2-false-HAL-true,5-MX_FDCAN3_Init-FDCAN3-false-HAL-true,6-MX_I2C3_Init-I2C3-false-HAL-true,7-MX_SPI1_Init-SPI1-false-HAL-true,8-MX_TIM1_Init-TIM1-false-HAL-true,9-MX_TIM3_Init-TIM3-false-HAL-true,10-MX_UART4_Init-UART4-false-HAL-true,11-MX_LWIP_Init-LWIP-false-HAL-false,12-MX_USB_DEVICE_Init-USB_DEVICE-false-HAL-false,0-MX_CORTEX_M7_Init-CORTEX_M7-false-HAL-true
RCC.ADCFreq_Value=32250000
RCC.AHB12Freq_Value=200000000
RCC.AHB4Freq_Value=200000000
RCC.APB1Freq_Value=100000000
RCC.APB2Freq_Value=100000000
RCC.APB3Freq_Value=100000000
RCC.APB4Freq_Value=100000000
RCC.AXIClockFreq_Value=200000000
RCC.CECFreq_Value=32000
RCC.CKPERFreq_Value=64000000
RCC.CortexFreq_Value=400000000
RCC.CpuClockFreq_Value=400000000
RCC.D1CPREFreq_Value=400000000
RCC.D1PPRE=RCC_APB3_DIV2
RCC.D2PPRE1=RCC_APB1_DIV2
RCC.D2PPRE2=RCC_APB2_DIV2
RCC.D3PPRE=RCC_APB4_DIV2
RCC.DFSDMACLkFreq_Value=133333333.33333333
RCC.DFSDMFreq_Value=100000000
RCC.DIVM1=1
RCC.DIVN1=25
RCC.DIVP1=1
RCC.DIVP1Freq_Value=400000000
RCC.DIVP2Freq_Value=32250000
RCC.DIVP3Freq_Value=32250000
RCC.DIVQ1=3
RCC.DIVQ1Freq_Value=133333333.33333333
RCC.DIVQ2Freq_Value=32250000
RCC.DIVQ3Freq_Value=32250000
RCC.DIVR1Freq_Value=200000000
RCC.DIVR2Freq_Value=32250000
RCC.DIVR3Freq_Value=32250000
RCC.FDCANCLockSelection=RCC_FDCANCLKSOURCE_HSE
RCC.FDCANFreq_Value=16000000
RCC.FMCFreq_Value=200000000
RCC.FamilyName=M
RCC.HCLK3ClockFreq_Value=200000000
RCC.HCLKFreq_Value=200000000
RCC.HPRE=RCC_HCLK_DIV2
RCC.HSE_VALUE=16000000
RCC.I2C123Freq_Value=100000000
RCC.I2C4Freq_Value=100000000
RCC.IPParameters=ADCFreq_Value,AHB12Freq_Value,AHB4Freq_Value,APB1Freq_Value,APB2Freq_Value,APB3Freq_Value,APB4Freq_Value,AXIClockFreq_Value,CECFreq_Value,CKPERFreq_Value,CortexFreq_Value,CpuClockFreq_Value,D1CPREFreq_Value,D1PPRE,D2PPRE1,D2PPRE2,D3PPRE,DFSDMACLkFreq_Value,DFSDMFreq_Value,DIVM1,DIVN1,DIVP1,DIVP1Freq_Value,DIVP2Freq_Value,DIVP3Freq_Value,DIVQ1,DIVQ1Freq_Value,DIVQ2Freq_Value,DIVQ3Freq_Value,DIVR1Freq_Value,DIVR2Freq_Value,DIVR3Freq_Value,FDCANCLockSelection,FDCANFreq_Value,FMCFreq_Value,FamilyName,HCLK3ClockFreq_Value,HCLKFreq_Value,HPRE,HSE_VALUE,I2C123Freq_Value,I2C4Freq_Value,LPTIM1Freq_Value,LPTIM2Freq_Value,LPTIM345Freq_Value,LPUART1Freq_Value,LTDCFreq_Value,MCO1PinFreq_Value,MCO2PinFreq_Value,PLL2FRACN,PLL3FRACN,PLLFRACN,PLLSourceVirtual,PWR_Regulator_Voltage_Scale,QSPIFreq_Value,RNGFreq_Value,RTCFreq_Value,SAI1Freq_Value,SAI4AFreq_Value,SAI4BFreq_Value,SDMMCFreq_Value,SPDIFRXFreq_Value,SPI123CLockSelection,SPI123Freq_Value,SPI45Freq_Value,SPI6Freq_Value,SWPMI1Freq_Value,SYSCLKFreq_VALUE,SYSCLKSource,Tim1OutputFreq_Value,Tim2OutputFreq_Value,TraceFreq_Value,USART16Freq_Value,USART234578Freq_Value,USBCLockSelection,USBFreq_Value,VCO1OutputFreq_Value,VCO2OutputFreq_Value,VCO3OutputFreq_Value,VCOInput1Freq_Value,VCOInput2Freq_Value,VCOInput3Freq_Value
RCC.LPTIM1Freq_Value=100000000
RCC.LPTIM2Freq_Value=100000000
RCC.LPTIM345Freq_Value=100000000
RCC.LPUART1Freq_Value=100000000
RCC.LTDCFreq_Value=32250000
RCC.MCO1PinFreq_Value=64000000
RCC.MCO2PinFreq_Value=400000000
RCC.PLL2FRACN=0
RCC.PLL3FRACN=0
RCC.PLLFRACN=0
RCC.PLLSourceVirtual=RCC_PLLSOURCE_HSE
RCC.PWR_Regulator_Voltage_Scale=PWR_REGULATOR_VOLTAGE_SCALE0
RCC.QSPIFreq_Value=200000000
RCC.RNGFreq_Value=48000000
RCC.RTCFreq_Value=32000
RCC.SAI1Freq_Value=133333333.33333333
RCC.SAI4AFreq_Value=133333333.33333333
RCC.SAI4BFreq_Value=133333333.33333333
RCC.SDMMCFreq_Value=133333333.33333333
RCC.SPDIFRXFreq_Value=133333333.33333333
RCC.SPI123CLockSelection=RCC_SPI123CLKSOURCE_CLKP
RCC.SPI123Freq_Value=64000000
RCC.SPI45Freq_Value=100000000
RCC.SPI6Freq_Value=100000000
RCC.SWPMI1Freq_Value=100000000
RCC.SYSCLKFreq_VALUE=400000000
RCC.SYSCLKSource=RCC_SYSCLKSOURCE_PLLCLK
RCC.Tim1OutputFreq_Value=200000000
RCC.Tim2OutputFreq_Value=200000000
RCC.TraceFreq_Value=200000000
RCC.USART16Freq_Value=100000000
RCC.USART234578Freq_Value=100000000
RCC.USBCLockSelection=RCC_USBCLKSOURCE_HSI48
RCC.USBFreq_Value=48000000
RCC.VCO1OutputFreq_Value=400000000
RCC.VCO2OutputFreq_Value=64500000
RCC.VCO3OutputFreq_Value=64500000
RCC.VCOInput1Freq_Value=16000000
RCC.VCOInput2Freq_Value=500000
RCC.VCOInput3Freq_Value=500000
SH.S_TIM1_CH1.0=TIM1_CH1,PWM Generation1 CH1
SH.S_TIM1_CH1.ConfNb=1
SH.S_TIM1_CH2.0=TIM1_CH2,Output Compare2 CH2
SH.S_TIM1_CH2.ConfNb=1
SH.S_TIM1_CH3.0=TIM1_CH3,Output Compare3 CH3
SH.S_TIM1_CH3.ConfNb=1
SH.S_TIM3_CH1.0=TIM3_CH1,PWM Generation1 CH1
SH.S_TIM3_CH1.ConfNb=1
SH.S_TIM3_CH2.0=TIM3_CH2,PWM Generation2 CH2
SH.S_TIM3_CH2.ConfNb=1
SH.S_TIM3_CH3.0=TIM3_CH3,PWM Generation3 CH3
SH.S_TIM3_CH3.ConfNb=1
SPI1.CalculateBaudRate=32.0 MBits/s
SPI1.Direction=SPI_DIRECTION_2LINES
SPI1.IPParameters=VirtualType,Mode,Direction,CalculateBaudRate
SPI1.Mode=SPI_MODE_MASTER
SPI1.VirtualType=VM_MASTER
TIM1.Channel-Output\ Compare2\ CH2=TIM_CHANNEL_2
TIM1.Channel-Output\ Compare3\ CH3=TIM_CHANNEL_3
TIM1.Channel-PWM\ Generation1\ CH1=TIM_CHANNEL_1
TIM1.IPParameters=Channel-PWM Generation1 CH1,Channel-Output Compare2 CH2,Channel-Output Compare3 CH3
TIM3.Channel-PWM\ Generation1\ CH1=TIM_CHANNEL_1
TIM3.Channel-PWM\ Generation2\ CH2=TIM_CHANNEL_2
TIM3.Channel-PWM\ Generation3\ CH3=TIM_CHANNEL_3
TIM3.IPParameters=Channel-PWM Generation1 CH1,Channel-PWM Generation2 CH2,Channel-PWM Generation3 CH3
USB_DEVICE.CLASS_NAME_HS=CDC
USB_DEVICE.IPParameters=VirtualMode,VirtualModeHS,CLASS_NAME_HS
USB_DEVICE.VirtualMode=Cdc
USB_DEVICE.VirtualModeHS=Cdc_HS
USB_OTG_HS.IPParameters=VirtualMode-Device_Only_FS
USB_OTG_HS.VirtualMode-Device_Only_FS=Device_Only_FS
VP_FREERTOS_VS_CMSIS_V1.Mode=CMSIS_V1
VP_FREERTOS_VS_CMSIS_V1.Signal=FREERTOS_VS_CMSIS_V1
VP_LWIP_VS_Enabled.Mode=Enabled
VP_LWIP_VS_Enabled.Signal=LWIP_VS_Enabled
VP_MEMORYMAP_VS_MEMORYMAP.Mode=CurAppReg
VP_MEMORYMAP_VS_MEMORYMAP.Signal=MEMORYMAP_VS_MEMORYMAP
VP_SYS_VS_tim6.Mode=TIM6
VP_SYS_VS_tim6.Signal=SYS_VS_tim6
VP_USB_DEVICE_VS_USB_DEVICE_CDC_HS.Mode=CDC_HS
VP_USB_DEVICE_VS_USB_DEVICE_CDC_HS.Signal=USB_DEVICE_VS_USB_DEVICE_CDC_HS
board=custom
rtos.0.ip=FREERTOS
